// !$*UTF8*$!
{
	archiveVersion = 1;
	classes = {
	};
	objectVersion = 50;
	objects = {

/* Begin PBXBuildFile section */
		76432AE422269144007D6CDE /* StationYearInfo.swift in Sources */ = {isa = PBXBuildFile; fileRef = 76432AE322269144007D6CDE /* StationYearInfo.swift */; };
		76432AE622269930007D6CDE /* MeteoStation.swift in Sources */ = {isa = PBXBuildFile; fileRef = 76432AE522269930007D6CDE /* MeteoStation.swift */; };
		76432AEA2226B724007D6CDE /* StationYearDataViewController.swift in Sources */ = {isa = PBXBuildFile; fileRef = 76432AE92226B724007D6CDE /* StationYearDataViewController.swift */; };
		76432AEE2226C3AE007D6CDE /* StationsTableViewCell.swift in Sources */ = {isa = PBXBuildFile; fileRef = 76432AED2226C3AE007D6CDE /* StationsTableViewCell.swift */; };
		76432AF02226FA8A007D6CDE /* StationMonthDataViewController.swift in Sources */ = {isa = PBXBuildFile; fileRef = 76432AEF2226FA8A007D6CDE /* StationMonthDataViewController.swift */; };
		76432AF222273BA3007D6CDE /* ViewControllerExtension\.swift in Sources */ = {isa = PBXBuildFile; fileRef = 76432AF122273BA3007D6CDE /* ViewControllerExtension\.swift */; };
		76B36D7522259A6E00E74A66 /* AppDelegate.swift in Sources */ = {isa = PBXBuildFile; fileRef = 76B36D7422259A6E00E74A66 /* AppDelegate.swift */; };
		76B36D7722259A6E00E74A66 /* MainViewController.swift in Sources */ = {isa = PBXBuildFile; fileRef = 76B36D7622259A6E00E74A66 /* MainViewController.swift */; };
		76B36D7A22259A6E00E74A66 /* Main.storyboard in Resources */ = {isa = PBXBuildFile; fileRef = 76B36D7822259A6E00E74A66 /* Main.storyboard */; };
		76B36D7C22259A7000E74A66 /* Assets.xcassets in Resources */ = {isa = PBXBuildFile; fileRef = 76B36D7B22259A7000E74A66 /* Assets.xcassets */; };
		76B36D912225C4E200E74A66 /* NetworkError.swift in Sources */ = {isa = PBXBuildFile; fileRef = 76B36D902225C4E200E74A66 /* NetworkError.swift */; };
		76B36D932225D41B00E74A66 /* APIManager.swift in Sources */ = {isa = PBXBuildFile; fileRef = 76B36D922225D41B00E74A66 /* APIManager.swift */; };
		76B36D952225DD7000E74A66 /* StationMonthlyInfo.swift in Sources */ = {isa = PBXBuildFile; fileRef = 76B36D942225DD7000E74A66 /* StationMonthlyInfo.swift */; };
		76B36D972225E19E00E74A66 /* MeteoStationsManager.swift in Sources */ = {isa = PBXBuildFile; fileRef = 76B36D962225E19E00E74A66 /* MeteoStationsManager.swift */; };
		76B36D9A22260BFC00E74A66 /* StringExtensions.swift in Sources */ = {isa = PBXBuildFile; fileRef = 76B36D9922260BFC00E74A66 /* StringExtensions.swift */; };
/* End PBXBuildFile section */

/* Begin PBXFileReference section */
		76432AE322269144007D6CDE /* StationYearInfo.swift */ = {isa = PBXFileReference; lastKnownFileType = sourcecode.swift; path = StationYearInfo.swift; sourceTree = "<group>"; };
		76432AE522269930007D6CDE /* MeteoStation.swift */ = {isa = PBXFileReference; lastKnownFileType = sourcecode.swift; path = MeteoStation.swift; sourceTree = "<group>"; };
		76432AE92226B724007D6CDE /* StationYearDataViewController.swift */ = {isa = PBXFileReference; lastKnownFileType = sourcecode.swift; path = StationYearDataViewController.swift; sourceTree = "<group>"; };
		76432AED2226C3AE007D6CDE /* StationsTableViewCell.swift */ = {isa = PBXFileReference; lastKnownFileType = sourcecode.swift; path = StationsTableViewCell.swift; sourceTree = "<group>"; };
		76432AEF2226FA8A007D6CDE /* StationMonthDataViewController.swift */ = {isa = PBXFileReference; lastKnownFileType = sourcecode.swift; path = StationMonthDataViewController.swift; sourceTree = "<group>"; };
		76432AF122273BA3007D6CDE /* ViewControllerExtension\.swift */ = {isa = PBXFileReference; lastKnownFileType = sourcecode.swift; path = "ViewControllerExtension\\.swift"; sourceTree = "<group>"; };
		76B36D7122259A6E00E74A66 /* Test.app */ = {isa = PBXFileReference; explicitFileType = wrapper.application; includeInIndex = 0; path = Test.app; sourceTree = BUILT_PRODUCTS_DIR; };
		76B36D7422259A6E00E74A66 /* AppDelegate.swift */ = {isa = PBXFileReference; lastKnownFileType = sourcecode.swift; path = AppDelegate.swift; sourceTree = "<group>"; };
		76B36D7622259A6E00E74A66 /* MainViewController.swift */ = {isa = PBXFileReference; lastKnownFileType = sourcecode.swift; path = MainViewController.swift; sourceTree = "<group>"; };
		76B36D7922259A6E00E74A66 /* Base */ = {isa = PBXFileReference; lastKnownFileType = file.storyboard; name = Base; path = Base.lproj/Main.storyboard; sourceTree = "<group>"; };
		76B36D7B22259A7000E74A66 /* Assets.xcassets */ = {isa = PBXFileReference; lastKnownFileType = folder.assetcatalog; path = Assets.xcassets; sourceTree = "<group>"; };
		76B36D8022259A7000E74A66 /* Info.plist */ = {isa = PBXFileReference; lastKnownFileType = text.plist.xml; path = Info.plist; sourceTree = "<group>"; };
		76B36D902225C4E200E74A66 /* NetworkError.swift */ = {isa = PBXFileReference; lastKnownFileType = sourcecode.swift; path = NetworkError.swift; sourceTree = "<group>"; };
		76B36D922225D41B00E74A66 /* APIManager.swift */ = {isa = PBXFileReference; lastKnownFileType = sourcecode.swift; path = APIManager.swift; sourceTree = "<group>"; };
		76B36D942225DD7000E74A66 /* StationMonthlyInfo.swift */ = {isa = PBXFileReference; lastKnownFileType = sourcecode.swift; path = StationMonthlyInfo.swift; sourceTree = "<group>"; };
		76B36D962225E19E00E74A66 /* MeteoStationsManager.swift */ = {isa = PBXFileReference; lastKnownFileType = sourcecode.swift; path = MeteoStationsManager.swift; sourceTree = "<group>"; };
		76B36D9922260BFC00E74A66 /* StringExtensions.swift */ = {isa = PBXFileReference; lastKnownFileType = sourcecode.swift; path = StringExtensions.swift; sourceTree = "<group>"; };
/* End PBXFileReference section */

/* Begin PBXFrameworksBuildPhase section */
		76B36D6E22259A6E00E74A66 /* Frameworks */ = {
			isa = PBXFrameworksBuildPhase;
			buildActionMask = 2147483647;
			files = (
			);
			runOnlyForDeploymentPostprocessing = 0;
		};
/* End PBXFrameworksBuildPhase section */

/* Begin PBXGroup section */
		76432AF32227C347007D6CDE /* ViewControllers */ = {
			isa = PBXGroup;
			children = (
				76B36D7622259A6E00E74A66 /* MainViewController.swift */,
				76432AE92226B724007D6CDE /* StationYearDataViewController.swift */,
				76432AEF2226FA8A007D6CDE /* StationMonthDataViewController.swift */,
			);
			path = ViewControllers;
			sourceTree = "<group>";
		};
		76B36D6822259A6E00E74A66 = {
			isa = PBXGroup;
			children = (
				76B36D7322259A6E00E74A66 /* Test */,
				76B36D7222259A6E00E74A66 /* Products */,
			);
			sourceTree = "<group>";
		};
		76B36D7222259A6E00E74A66 /* Products */ = {
			isa = PBXGroup;
			children = (
				76B36D7122259A6E00E74A66 /* Test.app */,
			);
			name = Products;
			sourceTree = "<group>";
		};
		76B36D7322259A6E00E74A66 /* Test */ = {
			isa = PBXGroup;
			children = (
				76B36D862225A55000E74A66 /* Model */,
				76B36D872225A55600E74A66 /* View */,
				76B36D882225A56100E74A66 /* Controller */,
				76B36D8A2225C1C400E74A66 /* Networking */,
				76B36D9822260BDF00E74A66 /* Extensions */,
				76B36D7B22259A7000E74A66 /* Assets.xcassets */,
				76B36D8022259A7000E74A66 /* Info.plist */,
			);
			path = Test;
			sourceTree = "<group>";
		};
		76B36D862225A55000E74A66 /* Model */ = {
			isa = PBXGroup;
			children = (
				76432AE522269930007D6CDE /* MeteoStation.swift */,
				76432AE322269144007D6CDE /* StationYearInfo.swift */,
				76B36D942225DD7000E74A66 /* StationMonthlyInfo.swift */,
			);
			path = Model;
			sourceTree = "<group>";
		};
		76B36D872225A55600E74A66 /* View */ = {
			isa = PBXGroup;
			children = (
				76432AF32227C347007D6CDE /* ViewControllers */,
				76B36D7822259A6E00E74A66 /* Main.storyboard */,
				76432AED2226C3AE007D6CDE /* StationsTableViewCell.swift */,
			);
			path = View;
			sourceTree = "<group>";
		};
		76B36D882225A56100E74A66 /* Controller */ = {
			isa = PBXGroup;
			children = (
				76B36D962225E19E00E74A66 /* MeteoStationsManager.swift */,
				76B36D7422259A6E00E74A66 /* AppDelegate.swift */,
			);
			path = Controller;
			sourceTree = "<group>";
		};
		76B36D8A2225C1C400E74A66 /* Networking */ = {
			isa = PBXGroup;
			children = (
				76B36D922225D41B00E74A66 /* APIManager.swift */,
				76B36D8F2225C4CF00E74A66 /* Error Manager */,
			);
			path = Networking;
			sourceTree = "<group>";
		};
		76B36D8F2225C4CF00E74A66 /* Error Manager */ = {
			isa = PBXGroup;
			children = (
				76B36D902225C4E200E74A66 /* NetworkError.swift */,
			);
			path = "Error Manager";
			sourceTree = "<group>";
		};
		76B36D9822260BDF00E74A66 /* Extensions */ = {
			isa = PBXGroup;
			children = (
				76B36D9922260BFC00E74A66 /* StringExtensions.swift */,
				76432AF122273BA3007D6CDE /* ViewControllerExtension\.swift */,
			);
			path = Extensions;
			sourceTree = "<group>";
		};
/* End PBXGroup section */

/* Begin PBXNativeTarget section */
		76B36D7022259A6E00E74A66 /* Test */ = {
			isa = PBXNativeTarget;
			buildConfigurationList = 76B36D8322259A7000E74A66 /* Build configuration list for PBXNativeTarget "Test" */;
			buildPhases = (
				76B36D6D22259A6E00E74A66 /* Sources */,
				76B36D6E22259A6E00E74A66 /* Frameworks */,
				76B36D6F22259A6E00E74A66 /* Resources */,
			);
			buildRules = (
			);
			dependencies = (
			);
			name = Test;
			productName = Test;
			productReference = 76B36D7122259A6E00E74A66 /* Test.app */;
			productType = "com.apple.product-type.application";
		};
/* End PBXNativeTarget section */

/* Begin PBXProject section */
		76B36D6922259A6E00E74A66 /* Project object */ = {
			isa = PBXProject;
			attributes = {
				LastSwiftUpdateCheck = 1010;
				LastUpgradeCheck = 1010;
				ORGANIZATIONNAME = mezzoSoprano;
				TargetAttributes = {
					76B36D7022259A6E00E74A66 = {
						CreatedOnToolsVersion = 10.1;
					};
				};
			};
			buildConfigurationList = 76B36D6C22259A6E00E74A66 /* Build configuration list for PBXProject "Test" */;
			compatibilityVersion = "Xcode 9.3";
			developmentRegion = en;
			hasScannedForEncodings = 0;
			knownRegions = (
				en,
				Base,
			);
			mainGroup = 76B36D6822259A6E00E74A66;
			productRefGroup = 76B36D7222259A6E00E74A66 /* Products */;
			projectDirPath = "";
			projectRoot = "";
			targets = (
				76B36D7022259A6E00E74A66 /* Test */,
			);
		};
/* End PBXProject section */

/* Begin PBXResourcesBuildPhase section */
		76B36D6F22259A6E00E74A66 /* Resources */ = {
			isa = PBXResourcesBuildPhase;
			buildActionMask = 2147483647;
			files = (
				76B36D7C22259A7000E74A66 /* Assets.xcassets in Resources */,
				76B36D7A22259A6E00E74A66 /* Main.storyboard in Resources */,
			);
			runOnlyForDeploymentPostprocessing = 0;
		};
/* End PBXResourcesBuildPhase section */

/* Begin PBXSourcesBuildPhase section */
		76B36D6D22259A6E00E74A66 /* Sources */ = {
			isa = PBXSourcesBuildPhase;
			buildActionMask = 2147483647;
			files = (
				76B36D912225C4E200E74A66 /* NetworkError.swift in Sources */,
				76432AE422269144007D6CDE /* StationYearInfo.swift in Sources */,
				76432AF02226FA8A007D6CDE /* StationMonthDataViewController.swift in Sources */,
				76B36D952225DD7000E74A66 /* StationMonthlyInfo.swift in Sources */,
				76B36D932225D41B00E74A66 /* APIManager.swift in Sources */,
				76432AEA2226B724007D6CDE /* StationYearDataViewController.swift in Sources */,
				76432AE622269930007D6CDE /* MeteoStation.swift in Sources */,
				76B36D9A22260BFC00E74A66 /* StringExtensions.swift in Sources */,
				76B36D972225E19E00E74A66 /* MeteoStationsManager.swift in Sources */,
				76432AF222273BA3007D6CDE /* ViewControllerExtension\.swift in Sources */,
				76B36D7722259A6E00E74A66 /* MainViewController.swift in Sources */,
				76432AEE2226C3AE007D6CDE /* StationsTableViewCell.swift in Sources */,
				76B36D7522259A6E00E74A66 /* AppDelegate.swift in Sources */,
			);
			runOnlyForDeploymentPostprocessing = 0;
		};
/* End PBXSourcesBuildPhase section */

/* Begin PBXVariantGroup section */
		76B36D7822259A6E00E74A66 /* Main.storyboard */ = {
			isa = PBXVariantGroup;
			children = (
				76B36D7922259A6E00E74A66 /* Base */,
			);
			name = Main.storyboard;
			sourceTree = "<group>";
		};
/* End PBXVariantGroup section */

/* Begin XCBuildConfiguration section */
		76B36D8122259A7000E74A66 /* Debug */ = {
			isa = XCBuildConfiguration;
			buildSettings = {
				ALWAYS_SEARCH_USER_PATHS = NO;
				CLANG_ANALYZER_NONNULL = YES;
				CLANG_ANALYZER_NUMBER_OBJECT_CONVERSION = YES_AGGRESSIVE;
				CLANG_CXX_LANGUAGE_STANDARD = "gnu++14";
				CLANG_CXX_LIBRARY = "libc++";
				CLANG_ENABLE_MODULES = YES;
				CLANG_ENABLE_OBJC_ARC = YES;
				CLANG_ENABLE_OBJC_WEAK = YES;
				CLANG_WARN_BLOCK_CAPTURE_AUTORELEASING = YES;
				CLANG_WARN_BOOL_CONVERSION = YES;
				CLANG_WARN_COMMA = YES;
				CLANG_WARN_CONSTANT_CONVERSION = YES;
				CLANG_WARN_DEPRECATED_OBJC_IMPLEMENTATIONS = YES;
				CLANG_WARN_DIRECT_OBJC_ISA_USAGE = YES_ERROR;
				CLANG_WARN_DOCUMENTATION_COMMENTS = YES;
				CLANG_WARN_EMPTY_BODY = YES;
				CLANG_WARN_ENUM_CONVERSION = YES;
				CLANG_WARN_INFINITE_RECURSION = YES;
				CLANG_WARN_INT_CONVERSION = YES;
				CLANG_WARN_NON_LITERAL_NULL_CONVERSION = YES;
				CLANG_WARN_OBJC_IMPLICIT_RETAIN_SELF = YES;
				CLANG_WARN_OBJC_LITERAL_CONVERSION = YES;
				CLANG_WARN_OBJC_ROOT_CLASS = YES_ERROR;
				CLANG_WARN_RANGE_LOOP_ANALYSIS = YES;
				CLANG_WARN_STRICT_PROTOTYPES = YES;
				CLANG_WARN_SUSPICIOUS_MOVE = YES;
				CLANG_WARN_UNGUARDED_AVAILABILITY = YES_AGGRESSIVE;
				CLANG_WARN_UNREACHABLE_CODE = YES;
				CLANG_WARN__DUPLICATE_METHOD_MATCH = YES;
				CODE_SIGN_IDENTITY = "iPhone Developer";
				COPY_PHASE_STRIP = NO;
				DEBUG_INFORMATION_FORMAT = dwarf;
				ENABLE_STRICT_OBJC_MSGSEND = YES;
				ENABLE_TESTABILITY = YES;
				GCC_C_LANGUAGE_STANDARD = gnu11;
				GCC_DYNAMIC_NO_PIC = NO;
				GCC_NO_COMMON_BLOCKS = YES;
				GCC_OPTIMIZATION_LEVEL = 0;
				GCC_PREPROCESSOR_DEFINITIONS = (
					"DEBUG=1",
					"$(inherited)",
				);
				GCC_WARN_64_TO_32_BIT_CONVERSION = YES;
				GCC_WARN_ABOUT_RETURN_TYPE = YES_ERROR;
				GCC_WARN_UNDECLARED_SELECTOR = YES;
				GCC_WARN_UNINITIALIZED_AUTOS = YES_AGGRESSIVE;
				GCC_WARN_UNUSED_FUNCTION = YES;
				GCC_WARN_UNUSED_VARIABLE = YES;
				IPHONEOS_DEPLOYMENT_TARGET = 12.1;
				MTL_ENABLE_DEBUG_INFO = INCLUDE_SOURCE;
				MTL_FAST_MATH = YES;
				ONLY_ACTIVE_ARCH = YES;
				SDKROOT = iphoneos;
				SWIFT_ACTIVE_COMPILATION_CONDITIONS = DEBUG;
				SWIFT_OPTIMIZATION_LEVEL = "-Onone";
			};
			name = Debug;
		};
		76B36D8222259A7000E74A66 /* Release */ = {
			isa = XCBuildConfiguration;
			buildSettings = {
				ALWAYS_SEARCH_USER_PATHS = NO;
				CLANG_ANALYZER_NONNULL = YES;
				CLANG_ANALYZER_NUMBER_OBJECT_CONVERSION = YES_AGGRESSIVE;
				CLANG_CXX_LANGUAGE_STANDARD = "gnu++14";
				CLANG_CXX_LIBRARY = "libc++";
				CLANG_ENABLE_MODULES = YES;
				CLANG_ENABLE_OBJC_ARC = YES;
				CLANG_ENABLE_OBJC_WEAK = YES;
				CLANG_WARN_BLOCK_CAPTURE_AUTORELEASING = YES;
				CLANG_WARN_BOOL_CONVERSION = YES;
				CLANG_WARN_COMMA = YES;
				CLANG_WARN_CONSTANT_CONVERSION = YES;
				CLANG_WARN_DEPRECATED_OBJC_IMPLEMENTATIONS = YES;
				CLANG_WARN_DIRECT_OBJC_ISA_USAGE = YES_ERROR;
				CLANG_WARN_DOCUMENTATION_COMMENTS = YES;
				CLANG_WARN_EMPTY_BODY = YES;
				CLANG_WARN_ENUM_CONVERSION = YES;
				CLANG_WARN_INFINITE_RECURSION = YES;
				CLANG_WARN_INT_CONVERSION = YES;
				CLANG_WARN_NON_LITERAL_NULL_CONVERSION = YES;
				CLANG_WARN_OBJC_IMPLICIT_RETAIN_SELF = YES;
				CLANG_WARN_OBJC_LITERAL_CONVERSION = YES;
				CLANG_WARN_OBJC_ROOT_CLASS = YES_ERROR;
				CLANG_WARN_RANGE_LOOP_ANALYSIS = YES;
				CLANG_WARN_STRICT_PROTOTYPES = YES;
				CLANG_WARN_SUSPICIOUS_MOVE = YES;
				CLANG_WARN_UNGUARDED_AVAILABILITY = YES_AGGRESSIVE;
				CLANG_WARN_UNREACHABLE_CODE = YES;
				CLANG_WARN__DUPLICATE_METHOD_MATCH = YES;
				CODE_SIGN_IDENTITY = "iPhone Developer";
				COPY_PHASE_STRIP = NO;
				DEBUG_INFORMATION_FORMAT = "dwarf-with-dsym";
				ENABLE_NS_ASSERTIONS = NO;
				ENABLE_STRICT_OBJC_MSGSEND = YES;
				GCC_C_LANGUAGE_STANDARD = gnu11;
				GCC_NO_COMMON_BLOCKS = YES;
				GCC_WARN_64_TO_32_BIT_CONVERSION = YES;
				GCC_WARN_ABOUT_RETURN_TYPE = YES_ERROR;
				GCC_WARN_UNDECLARED_SELECTOR = YES;
				GCC_WARN_UNINITIALIZED_AUTOS = YES_AGGRESSIVE;
				GCC_WARN_UNUSED_FUNCTION = YES;
				GCC_WARN_UNUSED_VARIABLE = YES;
				IPHONEOS_DEPLOYMENT_TARGET = 12.1;
				MTL_ENABLE_DEBUG_INFO = NO;
				MTL_FAST_MATH = YES;
				SDKROOT = iphoneos;
				SWIFT_COMPILATION_MODE = wholemodule;
				SWIFT_OPTIMIZATION_LEVEL = "-O";
				VALIDATE_PRODUCT = YES;
			};
			name = Release;
		};
		76B36D8422259A7000E74A66 /* Debug */ = {
			isa = XCBuildConfiguration;
			buildSettings = {
				ASSETCATALOG_COMPILER_APPICON_NAME = AppIcon;
				CODE_SIGN_STYLE = Automatic;
				DEVELOPMENT_TEAM = MDC5DNJKVL;
				INFOPLIST_FILE = Test/Info.plist;
				LD_RUNPATH_SEARCH_PATHS = (
					"$(inherited)",
					"@executable_path/Frameworks",
				);
				PRODUCT_BUNDLE_IDENTIFIER = com.my.Testtt;
				PRODUCT_NAME = "$(TARGET_NAME)";
				SWIFT_VERSION = 4.2;
				TARGETED_DEVICE_FAMILY = "1,2";
			};
			name = Debug;
		};
		76B36D8522259A7000E74A66 /* Release */ = {
			isa = XCBuildConfiguration;
			buildSettings = {
				ASSETCATALOG_COMPILER_APPICON_NAME = AppIcon;
				CODE_SIGN_STYLE = Automatic;
				DEVELOPMENT_TEAM = MDC5DNJKVL;
				INFOPLIST_FILE = Test/Info.plist;
				LD_RUNPATH_SEARCH_PATHS = (
					"$(inherited)",
					"@executable_path/Frameworks",
				);
				PRODUCT_BUNDLE_IDENTIFIER = com.my.Testtt;
				PRODUCT_NAME = "$(TARGET_NAME)";
				SWIFT_VERSION = 4.2;
				TARGETED_DEVICE_FAMILY = "1,2";
			};
			name = Release;
		};
/* End XCBuildConfiguration section */

/* Begin XCConfigurationList section */
		76B36D6C22259A6E00E74A66 /* Build configuration list for PBXProject "Test" */ = {
			isa = XCConfigurationList;
			buildConfigurations = (
				76B36D8122259A7000E74A66 /* Debug */,
				76B36D8222259A7000E74A66 /* Release */,
			);
			defaultConfigurationIsVisible = 0;
			defaultConfigurationName = Release;
		};
		76B36D8322259A7000E74A66 /* Build configuration list for PBXNativeTarget "Test" */ = {
			isa = XCConfigurationList;
			buildConfigurations = (
				76B36D8422259A7000E74A66 /* Debug */,
				76B36D8522259A7000E74A66 /* Release */,
			);
			defaultConfigurationIsVisible = 0;
			defaultConfigurationName = Release;
		};
/* End XCConfigurationList section */
	};
	rootObject = 76B36D6922259A6E00E74A66 /* Project object */;
}
